
Microsoft Visual Studio Solution File, Format Version 12.00
# Visual Studio Version 17
VisualStudioVersion = 17.5.33516.290
MinimumVisualStudioVersion = 10.0.40219.1
Project("{FAE04EC0-301F-11D3-BF4B-00C04F79EFBC}") = "FourPillarsApp", "FourPillarsApp\FourPillarsApp.csproj", "{B45D60EA-BE53-40B4-A396-9635E4E6817D}"
EndProject
Project("{FAE04EC0-301F-11D3-BF4B-00C04F79EFBC}") = "FourPillarsTests", "FourPillarsTests\FourPillarsTests.csproj", "{326E33FC-E402-42BA-A881-7E36B2351674}"
	ProjectSection(ProjectDependencies) = postProject
		{B45D60EA-BE53-40B4-A396-9635E4E6817D} = {B45D60EA-BE53-40B4-A396-9635E4E6817D}
	EndProjectSection
EndProject
Global
	GlobalSection(SolutionConfigurationPlatforms) = preSolution
		Debug|Any CPU = Debug|Any CPU
		Release|Any CPU = Release|Any CPU
	EndGlobalSection
	GlobalSection(ProjectConfigurationPlatforms) = postSolution
		{B45D60EA-BE53-40B4-A396-9635E4E6817D}.Debug|Any CPU.ActiveCfg = Debug|Any CPU
		{B45D60EA-BE53-40B4-A396-9635E4E6817D}.Debug|Any CPU.Build.0 = Debug|Any CPU
		{B45D60EA-BE53-40B4-A396-9635E4E6817D}.Release|Any CPU.ActiveCfg = Release|Any CPU
		{B45D60EA-BE53-40B4-A396-9635E4E6817D}.Release|Any CPU.Build.0 = Release|Any CPU
		{326E33FC-E402-42BA-A881-7E36B2351674}.Debug|Any CPU.ActiveCfg = Debug|Any CPU
		{326E33FC-E402-42BA-A881-7E36B2351674}.Debug|Any CPU.Build.0 = Debug|Any CPU
		{326E33FC-E402-42BA-A881-7E36B2351674}.Release|Any CPU.ActiveCfg = Release|Any CPU
		{326E33FC-E402-42BA-A881-7E36B2351674}.Release|Any CPU.Build.0 = Release|Any CPU
	EndGlobalSection
	GlobalSection(SolutionProperties) = preSolution
		HideSolutionNode = FALSE
	EndGlobalSection
	GlobalSection(ExtensibilityGlobals) = postSolution
		SolutionGuid = {BB695969-A456-47B5-9932-AECD8219E910}
	EndGlobalSection
EndGlobal
